
Microsoft Visual Studio Solution File, Format Version 12.00
# Visual Studio 15
VisualStudioVersion = 15.0.27130.2027
MinimumVisualStudioVersion = 10.0.40219.1
Project("{FAE04EC0-301F-11D3-BF4B-00C04F79EFBC}") = "FlightBook.WebApi", "FlightBook.WebApi\FlightBook.WebApi.csproj", "{D2834DDD-FC23-4C8C-9E4F-D74D5D88A979}"
EndProject
Project("{FAE04EC0-301F-11D3-BF4B-00C04F79EFBC}") = "FlightBook.Data", "..\FlightBooking.Data\FlightBook.Data.csproj", "{F79B1B0E-FD91-4CC9-8ACA-22852ACE5CD6}"
EndProject
Project("{FAE04EC0-301F-11D3-BF4B-00C04F79EFBC}") = "FlightBook.Application", "..\FlightBook.Application\FlightBook.Application.csproj", "{B9CCA0B0-9BBA-4226-A427-6DE90AC298C6}"
EndProject
Project("{FAE04EC0-301F-11D3-BF4B-00C04F79EFBC}") = "FlightBook.ConsoleApp", "..\FlightBook.ConsoleApp\FlightBook.ConsoleApp.csproj", "{80E64777-EE95-4F39-89FD-A86A526D52F2}"
EndProject
Global
	GlobalSection(SolutionConfigurationPlatforms) = preSolution
		Debug|Any CPU = Debug|Any CPU
		Release|Any CPU = Release|Any CPU
	EndGlobalSection
	GlobalSection(ProjectConfigurationPlatforms) = postSolution
		{D2834DDD-FC23-4C8C-9E4F-D74D5D88A979}.Debug|Any CPU.ActiveCfg = Debug|Any CPU
		{D2834DDD-FC23-4C8C-9E4F-D74D5D88A979}.Debug|Any CPU.Build.0 = Debug|Any CPU
		{D2834DDD-FC23-4C8C-9E4F-D74D5D88A979}.Release|Any CPU.ActiveCfg = Release|Any CPU
		{D2834DDD-FC23-4C8C-9E4F-D74D5D88A979}.Release|Any CPU.Build.0 = Release|Any CPU
		{F79B1B0E-FD91-4CC9-8ACA-22852ACE5CD6}.Debug|Any CPU.ActiveCfg = Debug|Any CPU
		{F79B1B0E-FD91-4CC9-8ACA-22852ACE5CD6}.Debug|Any CPU.Build.0 = Debug|Any CPU
		{F79B1B0E-FD91-4CC9-8ACA-22852ACE5CD6}.Release|Any CPU.ActiveCfg = Release|Any CPU
		{F79B1B0E-FD91-4CC9-8ACA-22852ACE5CD6}.Release|Any CPU.Build.0 = Release|Any CPU
		{B9CCA0B0-9BBA-4226-A427-6DE90AC298C6}.Debug|Any CPU.ActiveCfg = Debug|Any CPU
		{B9CCA0B0-9BBA-4226-A427-6DE90AC298C6}.Debug|Any CPU.Build.0 = Debug|Any CPU
		{B9CCA0B0-9BBA-4226-A427-6DE90AC298C6}.Release|Any CPU.ActiveCfg = Release|Any CPU
		{B9CCA0B0-9BBA-4226-A427-6DE90AC298C6}.Release|Any CPU.Build.0 = Release|Any CPU
		{80E64777-EE95-4F39-89FD-A86A526D52F2}.Debug|Any CPU.ActiveCfg = Debug|Any CPU
		{80E64777-EE95-4F39-89FD-A86A526D52F2}.Debug|Any CPU.Build.0 = Debug|Any CPU
		{80E64777-EE95-4F39-89FD-A86A526D52F2}.Release|Any CPU.ActiveCfg = Release|Any CPU
		{80E64777-EE95-4F39-89FD-A86A526D52F2}.Release|Any CPU.Build.0 = Release|Any CPU
	EndGlobalSection
	GlobalSection(SolutionProperties) = preSolution
		HideSolutionNode = FALSE
	EndGlobalSection
	GlobalSection(ExtensibilityGlobals) = postSolution
		SolutionGuid = {DB47B551-0728-42C9-A1B1-FFDC550B31FF}
	EndGlobalSection
EndGlobal
